{
  "name": "ts-bug-mwe-rename",
  "lockfileVersion": 2,
  "requires": true,
  "packages": {
    "": {
      "license": "MIT",
      "devDependencies": {
        "typescript": "^4.5.0-dev.20210905"
      }
    },
    "node_modules/typescript": {
      "version": "4.5.0-dev.20210905",
      "resolved": "https://registry.npmjs.org/typescript/-/typescript-4.5.0-dev.20210905.tgz",
      "integrity": "sha512-5/mznb9mA/k6VijJiFbJTls1jIzrRnSI0g7m95QuWJTMb651QBTKudtq9SXPuvlL9zJytH/NA8jquqrCeQu9PQ==",
      "dev": true,
      "bin": {
        "tsc": "bin/tsc",
        "tsserver": "bin/tsserver"
      },
      "engines": {
        "node": ">=4.2.0"
      }
    }
  },
  "dependencies": {
    "typescript": {
      "version": "4.5.0-dev.20210905",
      "resolved": "https://registry.npmjs.org/typescript/-/typescript-4.5.0-dev.20210905.tgz",
      "integrity": "sha512-5/mznb9mA/k6VijJiFbJTls1jIzrRnSI0g7m95QuWJTMb651QBTKudtq9SXPuvlL9zJytH/NA8jquqrCeQu9PQ==",
      "dev": true
    }
  }
}
